// !$*UTF8*$!
{
	archiveVersion = 1;
	classes = {
	};
	objectVersion = 56;
	objects = {

/* Begin PBXBuildFile section */
		7E1110742A0E8E90005E7DA4 /* AppDelegate.swift in Sources */ = {isa = PBXBuildFile; fileRef = 7E1110732A0E8E90005E7DA4 /* AppDelegate.swift */; };
		7E1110762A0E8E90005E7DA4 /* SceneDelegate.swift in Sources */ = {isa = PBXBuildFile; fileRef = 7E1110752A0E8E90005E7DA4 /* SceneDelegate.swift */; };
		7E1110782A0E8E90005E7DA4 /* ViewController.swift in Sources */ = {isa = PBXBuildFile; fileRef = 7E1110772A0E8E90005E7DA4 /* ViewController.swift */; };
		7E11107B2A0E8E90005E7DA4 /* Main.storyboard in Resources */ = {isa = PBXBuildFile; fileRef = 7E1110792A0E8E90005E7DA4 /* Main.storyboard */; };
		7E11107E2A0E8E90005E7DA4 /* ECommerce_SOLID_Principles_Example.xcdatamodeld in Sources */ = {isa = PBXBuildFile; fileRef = 7E11107C2A0E8E90005E7DA4 /* ECommerce_SOLID_Principles_Example.xcdatamodeld */; };
		7E1110802A0E8E91005E7DA4 /* Assets.xcassets in Resources */ = {isa = PBXBuildFile; fileRef = 7E11107F2A0E8E91005E7DA4 /* Assets.xcassets */; };
		7E1110832A0E8E91005E7DA4 /* LaunchScreen.storyboard in Resources */ = {isa = PBXBuildFile; fileRef = 7E1110812A0E8E91005E7DA4 /* LaunchScreen.storyboard */; };
		7E11108E2A0E8E91005E7DA4 /* ECommerce_SOLID_Principles_ExampleTests.swift in Sources */ = {isa = PBXBuildFile; fileRef = 7E11108D2A0E8E91005E7DA4 /* ECommerce_SOLID_Principles_ExampleTests.swift */; };
		7E1110982A0E8E91005E7DA4 /* ECommerce_SOLID_Principles_ExampleUITests.swift in Sources */ = {isa = PBXBuildFile; fileRef = 7E1110972A0E8E91005E7DA4 /* ECommerce_SOLID_Principles_ExampleUITests.swift */; };
		7E11109A2A0E8E91005E7DA4 /* ECommerce_SOLID_Principles_ExampleUITestsLaunchTests.swift in Sources */ = {isa = PBXBuildFile; fileRef = 7E1110992A0E8E91005E7DA4 /* ECommerce_SOLID_Principles_ExampleUITestsLaunchTests.swift */; };
		7E1110A72A0E8EA6005E7DA4 /* Product.swift in Sources */ = {isa = PBXBuildFile; fileRef = 7E1110A62A0E8EA6005E7DA4 /* Product.swift */; };
		7E1110AA2A0E8EF9005E7DA4 /* ShoppingCart.swift in Sources */ = {isa = PBXBuildFile; fileRef = 7E1110A92A0E8EF9005E7DA4 /* ShoppingCart.swift */; };
		7E1110AC2A0E8F21005E7DA4 /* PaymentMethod.swift in Sources */ = {isa = PBXBuildFile; fileRef = 7E1110AB2A0E8F20005E7DA4 /* PaymentMethod.swift */; };
		7E1110AE2A0E8F2E005E7DA4 /* CreditCardPayment.swift in Sources */ = {isa = PBXBuildFile; fileRef = 7E1110AD2A0E8F2E005E7DA4 /* CreditCardPayment.swift */; };
		7E1110B02A0E8F4B005E7DA4 /* PaypalPayment.swift in Sources */ = {isa = PBXBuildFile; fileRef = 7E1110AF2A0E8F4B005E7DA4 /* PaypalPayment.swift */; };
		7E1110B22A0E8FF3005E7DA4 /* OrderProcessor.swift in Sources */ = {isa = PBXBuildFile; fileRef = 7E1110B12A0E8FF3005E7DA4 /* OrderProcessor.swift */; };
/* End PBXBuildFile section */

/* Begin PBXContainerItemProxy section */
		7E11108A2A0E8E91005E7DA4 /* PBXContainerItemProxy */ = {
			isa = PBXContainerItemProxy;
			containerPortal = 7E1110682A0E8E8F005E7DA4 /* Project object */;
			proxyType = 1;
			remoteGlobalIDString = 7E11106F2A0E8E90005E7DA4;
			remoteInfo = "ECommerce SOLID Principles Example";
		};
		7E1110942A0E8E91005E7DA4 /* PBXContainerItemProxy */ = {
			isa = PBXContainerItemProxy;
			containerPortal = 7E1110682A0E8E8F005E7DA4 /* Project object */;
			proxyType = 1;
			remoteGlobalIDString = 7E11106F2A0E8E90005E7DA4;
			remoteInfo = "ECommerce SOLID Principles Example";
		};
/* End PBXContainerItemProxy section */

/* Begin PBXFileReference section */
		7E1110702A0E8E90005E7DA4 /* ECommerce SOLID Principles Example.app */ = {isa = PBXFileReference; explicitFileType = wrapper.application; includeInIndex = 0; path = "ECommerce SOLID Principles Example.app"; sourceTree = BUILT_PRODUCTS_DIR; };
		7E1110732A0E8E90005E7DA4 /* AppDelegate.swift */ = {isa = PBXFileReference; lastKnownFileType = sourcecode.swift; path = AppDelegate.swift; sourceTree = "<group>"; };
		7E1110752A0E8E90005E7DA4 /* SceneDelegate.swift */ = {isa = PBXFileReference; lastKnownFileType = sourcecode.swift; path = SceneDelegate.swift; sourceTree = "<group>"; };
		7E1110772A0E8E90005E7DA4 /* ViewController.swift */ = {isa = PBXFileReference; lastKnownFileType = sourcecode.swift; path = ViewController.swift; sourceTree = "<group>"; };
		7E11107A2A0E8E90005E7DA4 /* Base */ = {isa = PBXFileReference; lastKnownFileType = file.storyboard; name = Base; path = Base.lproj/Main.storyboard; sourceTree = "<group>"; };
		7E11107D2A0E8E90005E7DA4 /* ECommerce_SOLID_Principles_Example.xcdatamodel */ = {isa = PBXFileReference; lastKnownFileType = wrapper.xcdatamodel; path = ECommerce_SOLID_Principles_Example.xcdatamodel; sourceTree = "<group>"; };
		7E11107F2A0E8E91005E7DA4 /* Assets.xcassets */ = {isa = PBXFileReference; lastKnownFileType = folder.assetcatalog; path = Assets.xcassets; sourceTree = "<group>"; };
		7E1110822A0E8E91005E7DA4 /* Base */ = {isa = PBXFileReference; lastKnownFileType = file.storyboard; name = Base; path = Base.lproj/LaunchScreen.storyboard; sourceTree = "<group>"; };
		7E1110842A0E8E91005E7DA4 /* Info.plist */ = {isa = PBXFileReference; lastKnownFileType = text.plist.xml; path = Info.plist; sourceTree = "<group>"; };
		7E1110892A0E8E91005E7DA4 /* ECommerce SOLID Principles ExampleTests.xctest */ = {isa = PBXFileReference; explicitFileType = wrapper.cfbundle; includeInIndex = 0; path = "ECommerce SOLID Principles ExampleTests.xctest"; sourceTree = BUILT_PRODUCTS_DIR; };
		7E11108D2A0E8E91005E7DA4 /* ECommerce_SOLID_Principles_ExampleTests.swift */ = {isa = PBXFileReference; lastKnownFileType = sourcecode.swift; path = ECommerce_SOLID_Principles_ExampleTests.swift; sourceTree = "<group>"; };
		7E1110932A0E8E91005E7DA4 /* ECommerce SOLID Principles ExampleUITests.xctest */ = {isa = PBXFileReference; explicitFileType = wrapper.cfbundle; includeInIndex = 0; path = "ECommerce SOLID Principles ExampleUITests.xctest"; sourceTree = BUILT_PRODUCTS_DIR; };
		7E1110972A0E8E91005E7DA4 /* ECommerce_SOLID_Principles_ExampleUITests.swift */ = {isa = PBXFileReference; lastKnownFileType = sourcecode.swift; path = ECommerce_SOLID_Principles_ExampleUITests.swift; sourceTree = "<group>"; };
		7E1110992A0E8E91005E7DA4 /* ECommerce_SOLID_Principles_ExampleUITestsLaunchTests.swift */ = {isa = PBXFileReference; lastKnownFileType = sourcecode.swift; path = ECommerce_SOLID_Principles_ExampleUITestsLaunchTests.swift; sourceTree = "<group>"; };
		7E1110A62A0E8EA6005E7DA4 /* Product.swift */ = {isa = PBXFileReference; lastKnownFileType = sourcecode.swift; path = Product.swift; sourceTree = "<group>"; };
		7E1110A92A0E8EF9005E7DA4 /* ShoppingCart.swift */ = {isa = PBXFileReference; lastKnownFileType = sourcecode.swift; path = ShoppingCart.swift; sourceTree = "<group>"; };
		7E1110AB2A0E8F20005E7DA4 /* PaymentMethod.swift */ = {isa = PBXFileReference; lastKnownFileType = sourcecode.swift; path = PaymentMethod.swift; sourceTree = "<group>"; };
		7E1110AD2A0E8F2E005E7DA4 /* CreditCardPayment.swift */ = {isa = PBXFileReference; lastKnownFileType = sourcecode.swift; path = CreditCardPayment.swift; sourceTree = "<group>"; };
		7E1110AF2A0E8F4B005E7DA4 /* PaypalPayment.swift */ = {isa = PBXFileReference; lastKnownFileType = sourcecode.swift; path = PaypalPayment.swift; sourceTree = "<group>"; };
		7E1110B12A0E8FF3005E7DA4 /* OrderProcessor.swift */ = {isa = PBXFileReference; lastKnownFileType = sourcecode.swift; path = OrderProcessor.swift; sourceTree = "<group>"; };
/* End PBXFileReference section */

/* Begin PBXFrameworksBuildPhase section */
		7E11106D2A0E8E90005E7DA4 /* Frameworks */ = {
			isa = PBXFrameworksBuildPhase;
			buildActionMask = 2147483647;
			files = (
			);
			runOnlyForDeploymentPostprocessing = 0;
		};
		7E1110862A0E8E91005E7DA4 /* Frameworks */ = {
			isa = PBXFrameworksBuildPhase;
			buildActionMask = 2147483647;
			files = (
			);
			runOnlyForDeploymentPostprocessing = 0;
		};
		7E1110902A0E8E91005E7DA4 /* Frameworks */ = {
			isa = PBXFrameworksBuildPhase;
			buildActionMask = 2147483647;
			files = (
			);
			runOnlyForDeploymentPostprocessing = 0;
		};
/* End PBXFrameworksBuildPhase section */

/* Begin PBXGroup section */
		7E1110672A0E8E8F005E7DA4 = {
			isa = PBXGroup;
			children = (
				7E1110A82A0E8EE1005E7DA4 /* SOLID */,
				7E1110722A0E8E90005E7DA4 /* ECommerce SOLID Principles Example */,
				7E11108C2A0E8E91005E7DA4 /* ECommerce SOLID Principles ExampleTests */,
				7E1110962A0E8E91005E7DA4 /* ECommerce SOLID Principles ExampleUITests */,
				7E1110712A0E8E90005E7DA4 /* Products */,
			);
			sourceTree = "<group>";
		};
		7E1110712A0E8E90005E7DA4 /* Products */ = {
			isa = PBXGroup;
			children = (
				7E1110702A0E8E90005E7DA4 /* ECommerce SOLID Principles Example.app */,
				7E1110892A0E8E91005E7DA4 /* ECommerce SOLID Principles ExampleTests.xctest */,
				7E1110932A0E8E91005E7DA4 /* ECommerce SOLID Principles ExampleUITests.xctest */,
			);
			name = Products;
			sourceTree = "<group>";
		};
		7E1110722A0E8E90005E7DA4 /* ECommerce SOLID Principles Example */ = {
			isa = PBXGroup;
			children = (
				7E1110732A0E8E90005E7DA4 /* AppDelegate.swift */,
				7E1110752A0E8E90005E7DA4 /* SceneDelegate.swift */,
				7E1110772A0E8E90005E7DA4 /* ViewController.swift */,
				7E1110792A0E8E90005E7DA4 /* Main.storyboard */,
				7E11107F2A0E8E91005E7DA4 /* Assets.xcassets */,
				7E1110812A0E8E91005E7DA4 /* LaunchScreen.storyboard */,
				7E1110842A0E8E91005E7DA4 /* Info.plist */,
				7E11107C2A0E8E90005E7DA4 /* ECommerce_SOLID_Principles_Example.xcdatamodeld */,
			);
			path = "ECommerce SOLID Principles Example";
			sourceTree = "<group>";
		};
		7E11108C2A0E8E91005E7DA4 /* ECommerce SOLID Principles ExampleTests */ = {
			isa = PBXGroup;
			children = (
				7E11108D2A0E8E91005E7DA4 /* ECommerce_SOLID_Principles_ExampleTests.swift */,
			);
			path = "ECommerce SOLID Principles ExampleTests";
			sourceTree = "<group>";
		};
		7E1110962A0E8E91005E7DA4 /* ECommerce SOLID Principles ExampleUITests */ = {
			isa = PBXGroup;
			children = (
				7E1110972A0E8E91005E7DA4 /* ECommerce_SOLID_Principles_ExampleUITests.swift */,
				7E1110992A0E8E91005E7DA4 /* ECommerce_SOLID_Principles_ExampleUITestsLaunchTests.swift */,
			);
			path = "ECommerce SOLID Principles ExampleUITests";
			sourceTree = "<group>";
		};
		7E1110A82A0E8EE1005E7DA4 /* SOLID */ = {
			isa = PBXGroup;
			children = (
				7E1110A62A0E8EA6005E7DA4 /* Product.swift */,
				7E1110A92A0E8EF9005E7DA4 /* ShoppingCart.swift */,
				7E1110AB2A0E8F20005E7DA4 /* PaymentMethod.swift */,
				7E1110AD2A0E8F2E005E7DA4 /* CreditCardPayment.swift */,
				7E1110AF2A0E8F4B005E7DA4 /* PaypalPayment.swift */,
				7E1110B12A0E8FF3005E7DA4 /* OrderProcessor.swift */,
			);
			path = SOLID;
			sourceTree = "<group>";
		};
/* End PBXGroup section */

/* Begin PBXNativeTarget section */
		7E11106F2A0E8E90005E7DA4 /* ECommerce SOLID Principles Example */ = {
			isa = PBXNativeTarget;
			buildConfigurationList = 7E11109D2A0E8E91005E7DA4 /* Build configuration list for PBXNativeTarget "ECommerce SOLID Principles Example" */;
			buildPhases = (
				7E11106C2A0E8E90005E7DA4 /* Sources */,
				7E11106D2A0E8E90005E7DA4 /* Frameworks */,
				7E11106E2A0E8E90005E7DA4 /* Resources */,
			);
			buildRules = (
			);
			dependencies = (
			);
			name = "ECommerce SOLID Principles Example";
			productName = "ECommerce SOLID Principles Example";
			productReference = 7E1110702A0E8E90005E7DA4 /* ECommerce SOLID Principles Example.app */;
			productType = "com.apple.product-type.application";
		};
		7E1110882A0E8E91005E7DA4 /* ECommerce SOLID Principles ExampleTests */ = {
			isa = PBXNativeTarget;
			buildConfigurationList = 7E1110A02A0E8E91005E7DA4 /* Build configuration list for PBXNativeTarget "ECommerce SOLID Principles ExampleTests" */;
			buildPhases = (
				7E1110852A0E8E91005E7DA4 /* Sources */,
				7E1110862A0E8E91005E7DA4 /* Frameworks */,
				7E1110872A0E8E91005E7DA4 /* Resources */,
			);
			buildRules = (
			);
			dependencies = (
				7E11108B2A0E8E91005E7DA4 /* PBXTargetDependency */,
			);
			name = "ECommerce SOLID Principles ExampleTests";
			productName = "ECommerce SOLID Principles ExampleTests";
			productReference = 7E1110892A0E8E91005E7DA4 /* ECommerce SOLID Principles ExampleTests.xctest */;
			productType = "com.apple.product-type.bundle.unit-test";
		};
		7E1110922A0E8E91005E7DA4 /* ECommerce SOLID Principles ExampleUITests */ = {
			isa = PBXNativeTarget;
			buildConfigurationList = 7E1110A32A0E8E91005E7DA4 /* Build configuration list for PBXNativeTarget "ECommerce SOLID Principles ExampleUITests" */;
			buildPhases = (
				7E11108F2A0E8E91005E7DA4 /* Sources */,
				7E1110902A0E8E91005E7DA4 /* Frameworks */,
				7E1110912A0E8E91005E7DA4 /* Resources */,
			);
			buildRules = (
			);
			dependencies = (
				7E1110952A0E8E91005E7DA4 /* PBXTargetDependency */,
			);
			name = "ECommerce SOLID Principles ExampleUITests";
			productName = "ECommerce SOLID Principles ExampleUITests";
			productReference = 7E1110932A0E8E91005E7DA4 /* ECommerce SOLID Principles ExampleUITests.xctest */;
			productType = "com.apple.product-type.bundle.ui-testing";
		};
/* End PBXNativeTarget section */

/* Begin PBXProject section */
		7E1110682A0E8E8F005E7DA4 /* Project object */ = {
			isa = PBXProject;
			attributes = {
				BuildIndependentTargetsInParallel = 1;
				LastSwiftUpdateCheck = 1430;
				LastUpgradeCheck = 1430;
				TargetAttributes = {
					7E11106F2A0E8E90005E7DA4 = {
						CreatedOnToolsVersion = 14.3;
					};
					7E1110882A0E8E91005E7DA4 = {
						CreatedOnToolsVersion = 14.3;
						TestTargetID = 7E11106F2A0E8E90005E7DA4;
					};
					7E1110922A0E8E91005E7DA4 = {
						CreatedOnToolsVersion = 14.3;
						TestTargetID = 7E11106F2A0E8E90005E7DA4;
					};
				};
			};
			buildConfigurationList = 7E11106B2A0E8E8F005E7DA4 /* Build configuration list for PBXProject "ECommerce SOLID Principles Example" */;
			compatibilityVersion = "Xcode 14.0";
			developmentRegion = en;
			hasScannedForEncodings = 0;
			knownRegions = (
				en,
				Base,
			);
			mainGroup = 7E1110672A0E8E8F005E7DA4;
			productRefGroup = 7E1110712A0E8E90005E7DA4 /* Products */;
			projectDirPath = "";
			projectRoot = "";
			targets = (
				7E11106F2A0E8E90005E7DA4 /* ECommerce SOLID Principles Example */,
				7E1110882A0E8E91005E7DA4 /* ECommerce SOLID Principles ExampleTests */,
				7E1110922A0E8E91005E7DA4 /* ECommerce SOLID Principles ExampleUITests */,
			);
		};
/* End PBXProject section */

/* Begin PBXResourcesBuildPhase section */
		7E11106E2A0E8E90005E7DA4 /* Resources */ = {
			isa = PBXResourcesBuildPhase;
			buildActionMask = 2147483647;
			files = (
				7E1110832A0E8E91005E7DA4 /* LaunchScreen.storyboard in Resources */,
				7E1110802A0E8E91005E7DA4 /* Assets.xcassets in Resources */,
				7E11107B2A0E8E90005E7DA4 /* Main.storyboard in Resources */,
			);
			runOnlyForDeploymentPostprocessing = 0;
		};
		7E1110872A0E8E91005E7DA4 /* Resources */ = {
			isa = PBXResourcesBuildPhase;
			buildActionMask = 2147483647;
			files = (
			);
			runOnlyForDeploymentPostprocessing = 0;
		};
		7E1110912A0E8E91005E7DA4 /* Resources */ = {
			isa = PBXResourcesBuildPhase;
			buildActionMask = 2147483647;
			files = (
			);
			runOnlyForDeploymentPostprocessing = 0;
		};
/* End PBXResourcesBuildPhase section */

/* Begin PBXSourcesBuildPhase section */
		7E11106C2A0E8E90005E7DA4 /* Sources */ = {
			isa = PBXSourcesBuildPhase;
			buildActionMask = 2147483647;
			files = (
				7E11107E2A0E8E90005E7DA4 /* ECommerce_SOLID_Principles_Example.xcdatamodeld in Sources */,
				7E1110AA2A0E8EF9005E7DA4 /* ShoppingCart.swift in Sources */,
				7E1110782A0E8E90005E7DA4 /* ViewController.swift in Sources */,
				7E1110AC2A0E8F21005E7DA4 /* PaymentMethod.swift in Sources */,
				7E1110A72A0E8EA6005E7DA4 /* Product.swift in Sources */,
				7E1110AE2A0E8F2E005E7DA4 /* CreditCardPayment.swift in Sources */,
				7E1110742A0E8E90005E7DA4 /* AppDelegate.swift in Sources */,
				7E1110B02A0E8F4B005E7DA4 /* PaypalPayment.swift in Sources */,
				7E1110762A0E8E90005E7DA4 /* SceneDelegate.swift in Sources */,
				7E1110B22A0E8FF3005E7DA4 /* OrderProcessor.swift in Sources */,
			);
			runOnlyForDeploymentPostprocessing = 0;
		};
		7E1110852A0E8E91005E7DA4 /* Sources */ = {
			isa = PBXSourcesBuildPhase;
			buildActionMask = 2147483647;
			files = (
				7E11108E2A0E8E91005E7DA4 /* ECommerce_SOLID_Principles_ExampleTests.swift in Sources */,
			);
			runOnlyForDeploymentPostprocessing = 0;
		};
		7E11108F2A0E8E91005E7DA4 /* Sources */ = {
			isa = PBXSourcesBuildPhase;
			buildActionMask = 2147483647;
			files = (
				7E1110982A0E8E91005E7DA4 /* ECommerce_SOLID_Principles_ExampleUITests.swift in Sources */,
				7E11109A2A0E8E91005E7DA4 /* ECommerce_SOLID_Principles_ExampleUITestsLaunchTests.swift in Sources */,
			);
			runOnlyForDeploymentPostprocessing = 0;
		};
/* End PBXSourcesBuildPhase section */

/* Begin PBXTargetDependency section */
		7E11108B2A0E8E91005E7DA4 /* PBXTargetDependency */ = {
			isa = PBXTargetDependency;
			target = 7E11106F2A0E8E90005E7DA4 /* ECommerce SOLID Principles Example */;
			targetProxy = 7E11108A2A0E8E91005E7DA4 /* PBXContainerItemProxy */;
		};
		7E1110952A0E8E91005E7DA4 /* PBXTargetDependency */ = {
			isa = PBXTargetDependency;
			target = 7E11106F2A0E8E90005E7DA4 /* ECommerce SOLID Principles Example */;
			targetProxy = 7E1110942A0E8E91005E7DA4 /* PBXContainerItemProxy */;
		};
/* End PBXTargetDependency section */

/* Begin PBXVariantGroup section */
		7E1110792A0E8E90005E7DA4 /* Main.storyboard */ = {
			isa = PBXVariantGroup;
			children = (
				7E11107A2A0E8E90005E7DA4 /* Base */,
			);
			name = Main.storyboard;
			sourceTree = "<group>";
		};
		7E1110812A0E8E91005E7DA4 /* LaunchScreen.storyboard */ = {
			isa = PBXVariantGroup;
			children = (
				7E1110822A0E8E91005E7DA4 /* Base */,
			);
			name = LaunchScreen.storyboard;
			sourceTree = "<group>";
		};
/* End PBXVariantGroup section */

/* Begin XCBuildConfiguration section */
		7E11109B2A0E8E91005E7DA4 /* Debug */ = {
			isa = XCBuildConfiguration;
			buildSettings = {
				ALWAYS_SEARCH_USER_PATHS = NO;
				CLANG_ANALYZER_NONNULL = YES;
				CLANG_ANALYZER_NUMBER_OBJECT_CONVERSION = YES_AGGRESSIVE;
				CLANG_CXX_LANGUAGE_STANDARD = "gnu++20";
				CLANG_ENABLE_MODULES = YES;
				CLANG_ENABLE_OBJC_ARC = YES;
				CLANG_ENABLE_OBJC_WEAK = YES;
				CLANG_WARN_BLOCK_CAPTURE_AUTORELEASING = YES;
				CLANG_WARN_BOOL_CONVERSION = YES;
				CLANG_WARN_COMMA = YES;
				CLANG_WARN_CONSTANT_CONVERSION = YES;
				CLANG_WARN_DEPRECATED_OBJC_IMPLEMENTATIONS = YES;
				CLANG_WARN_DIRECT_OBJC_ISA_USAGE = YES_ERROR;
				CLANG_WARN_DOCUMENTATION_COMMENTS = YES;
				CLANG_WARN_EMPTY_BODY = YES;
				CLANG_WARN_ENUM_CONVERSION = YES;
				CLANG_WARN_INFINITE_RECURSION = YES;
				CLANG_WARN_INT_CONVERSION = YES;
				CLANG_WARN_NON_LITERAL_NULL_CONVERSION = YES;
				CLANG_WARN_OBJC_IMPLICIT_RETAIN_SELF = YES;
				CLANG_WARN_OBJC_LITERAL_CONVERSION = YES;
				CLANG_WARN_OBJC_ROOT_CLASS = YES_ERROR;
				CLANG_WARN_QUOTED_INCLUDE_IN_FRAMEWORK_HEADER = YES;
				CLANG_WARN_RANGE_LOOP_ANALYSIS = YES;
				CLANG_WARN_STRICT_PROTOTYPES = YES;
				CLANG_WARN_SUSPICIOUS_MOVE = YES;
				CLANG_WARN_UNGUARDED_AVAILABILITY = YES_AGGRESSIVE;
				CLANG_WARN_UNREACHABLE_CODE = YES;
				CLANG_WARN__DUPLICATE_METHOD_MATCH = YES;
				COPY_PHASE_STRIP = NO;
				DEBUG_INFORMATION_FORMAT = dwarf;
				ENABLE_STRICT_OBJC_MSGSEND = YES;
				ENABLE_TESTABILITY = YES;
				GCC_C_LANGUAGE_STANDARD = gnu11;
				GCC_DYNAMIC_NO_PIC = NO;
				GCC_NO_COMMON_BLOCKS = YES;
				GCC_OPTIMIZATION_LEVEL = 0;
				GCC_PREPROCESSOR_DEFINITIONS = (
					"DEBUG=1",
					"$(inherited)",
				);
				GCC_WARN_64_TO_32_BIT_CONVERSION = YES;
				GCC_WARN_ABOUT_RETURN_TYPE = YES_ERROR;
				GCC_WARN_UNDECLARED_SELECTOR = YES;
				GCC_WARN_UNINITIALIZED_AUTOS = YES_AGGRESSIVE;
				GCC_WARN_UNUSED_FUNCTION = YES;
				GCC_WARN_UNUSED_VARIABLE = YES;
				IPHONEOS_DEPLOYMENT_TARGET = 16.4;
				MTL_ENABLE_DEBUG_INFO = INCLUDE_SOURCE;
				MTL_FAST_MATH = YES;
				ONLY_ACTIVE_ARCH = YES;
				SDKROOT = iphoneos;
				SWIFT_ACTIVE_COMPILATION_CONDITIONS = DEBUG;
				SWIFT_OPTIMIZATION_LEVEL = "-Onone";
			};
			name = Debug;
		};
		7E11109C2A0E8E91005E7DA4 /* Release */ = {
			isa = XCBuildConfiguration;
			buildSettings = {
				ALWAYS_SEARCH_USER_PATHS = NO;
				CLANG_ANALYZER_NONNULL = YES;
				CLANG_ANALYZER_NUMBER_OBJECT_CONVERSION = YES_AGGRESSIVE;
				CLANG_CXX_LANGUAGE_STANDARD = "gnu++20";
				CLANG_ENABLE_MODULES = YES;
				CLANG_ENABLE_OBJC_ARC = YES;
				CLANG_ENABLE_OBJC_WEAK = YES;
				CLANG_WARN_BLOCK_CAPTURE_AUTORELEASING = YES;
				CLANG_WARN_BOOL_CONVERSION = YES;
				CLANG_WARN_COMMA = YES;
				CLANG_WARN_CONSTANT_CONVERSION = YES;
				CLANG_WARN_DEPRECATED_OBJC_IMPLEMENTATIONS = YES;
				CLANG_WARN_DIRECT_OBJC_ISA_USAGE = YES_ERROR;
				CLANG_WARN_DOCUMENTATION_COMMENTS = YES;
				CLANG_WARN_EMPTY_BODY = YES;
				CLANG_WARN_ENUM_CONVERSION = YES;
				CLANG_WARN_INFINITE_RECURSION = YES;
				CLANG_WARN_INT_CONVERSION = YES;
				CLANG_WARN_NON_LITERAL_NULL_CONVERSION = YES;
				CLANG_WARN_OBJC_IMPLICIT_RETAIN_SELF = YES;
				CLANG_WARN_OBJC_LITERAL_CONVERSION = YES;
				CLANG_WARN_OBJC_ROOT_CLASS = YES_ERROR;
				CLANG_WARN_QUOTED_INCLUDE_IN_FRAMEWORK_HEADER = YES;
				CLANG_WARN_RANGE_LOOP_ANALYSIS = YES;
				CLANG_WARN_STRICT_PROTOTYPES = YES;
				CLANG_WARN_SUSPICIOUS_MOVE = YES;
				CLANG_WARN_UNGUARDED_AVAILABILITY = YES_AGGRESSIVE;
				CLANG_WARN_UNREACHABLE_CODE = YES;
				CLANG_WARN__DUPLICATE_METHOD_MATCH = YES;
				COPY_PHASE_STRIP = NO;
				DEBUG_INFORMATION_FORMAT = "dwarf-with-dsym";
				ENABLE_NS_ASSERTIONS = NO;
				ENABLE_STRICT_OBJC_MSGSEND = YES;
				GCC_C_LANGUAGE_STANDARD = gnu11;
				GCC_NO_COMMON_BLOCKS = YES;
				GCC_WARN_64_TO_32_BIT_CONVERSION = YES;
				GCC_WARN_ABOUT_RETURN_TYPE = YES_ERROR;
				GCC_WARN_UNDECLARED_SELECTOR = YES;
				GCC_WARN_UNINITIALIZED_AUTOS = YES_AGGRESSIVE;
				GCC_WARN_UNUSED_FUNCTION = YES;
				GCC_WARN_UNUSED_VARIABLE = YES;
				IPHONEOS_DEPLOYMENT_TARGET = 16.4;
				MTL_ENABLE_DEBUG_INFO = NO;
				MTL_FAST_MATH = YES;
				SDKROOT = iphoneos;
				SWIFT_COMPILATION_MODE = wholemodule;
				SWIFT_OPTIMIZATION_LEVEL = "-O";
				VALIDATE_PRODUCT = YES;
			};
			name = Release;
		};
		7E11109E2A0E8E91005E7DA4 /* Debug */ = {
			isa = XCBuildConfiguration;
			buildSettings = {
				ASSETCATALOG_COMPILER_APPICON_NAME = AppIcon;
				ASSETCATALOG_COMPILER_GLOBAL_ACCENT_COLOR_NAME = AccentColor;
				CODE_SIGN_STYLE = Automatic;
				CURRENT_PROJECT_VERSION = 1;
				DEVELOPMENT_TEAM = P37BL29UZP;
				GENERATE_INFOPLIST_FILE = YES;
				INFOPLIST_FILE = "ECommerce SOLID Principles Example/Info.plist";
				INFOPLIST_KEY_UIApplicationSupportsIndirectInputEvents = YES;
				INFOPLIST_KEY_UILaunchStoryboardName = LaunchScreen;
				INFOPLIST_KEY_UIMainStoryboardFile = Main;
				INFOPLIST_KEY_UISupportedInterfaceOrientations_iPad = "UIInterfaceOrientationPortrait UIInterfaceOrientationPortraitUpsideDown UIInterfaceOrientationLandscapeLeft UIInterfaceOrientationLandscapeRight";
				INFOPLIST_KEY_UISupportedInterfaceOrientations_iPhone = "UIInterfaceOrientationPortrait UIInterfaceOrientationLandscapeLeft UIInterfaceOrientationLandscapeRight";
				LD_RUNPATH_SEARCH_PATHS = (
					"$(inherited)",
					"@executable_path/Frameworks",
				);
				MARKETING_VERSION = 1.0;
				PRODUCT_BUNDLE_IDENTIFIER = "m0resleepstudios.ECommerce-SOLID-Principles-Example";
				PRODUCT_NAME = "$(TARGET_NAME)";
				SWIFT_EMIT_LOC_STRINGS = YES;
				SWIFT_VERSION = 5.0;
				TARGETED_DEVICE_FAMILY = "1,2";
			};
			name = Debug;
		};
		7E11109F2A0E8E91005E7DA4 /* Release */ = {
			isa = XCBuildConfiguration;
			buildSettings = {
				ASSETCATALOG_COMPILER_APPICON_NAME = AppIcon;
				ASSETCATALOG_COMPILER_GLOBAL_ACCENT_COLOR_NAME = AccentColor;
				CODE_SIGN_STYLE = Automatic;
				CURRENT_PROJECT_VERSION = 1;
				DEVELOPMENT_TEAM = P37BL29UZP;
				GENERATE_INFOPLIST_FILE = YES;
				INFOPLIST_FILE = "ECommerce SOLID Principles Example/Info.plist";
				INFOPLIST_KEY_UIApplicationSupportsIndirectInputEvents = YES;
				INFOPLIST_KEY_UILaunchStoryboardName = LaunchScreen;
				INFOPLIST_KEY_UIMainStoryboardFile = Main;
				INFOPLIST_KEY_UISupportedInterfaceOrientations_iPad = "UIInterfaceOrientationPortrait UIInterfaceOrientationPortraitUpsideDown UIInterfaceOrientationLandscapeLeft UIInterfaceOrientationLandscapeRight";
				INFOPLIST_KEY_UISupportedInterfaceOrientations_iPhone = "UIInterfaceOrientationPortrait UIInterfaceOrientationLandscapeLeft UIInterfaceOrientationLandscapeRight";
				LD_RUNPATH_SEARCH_PATHS = (
					"$(inherited)",
					"@executable_path/Frameworks",
				);
				MARKETING_VERSION = 1.0;
				PRODUCT_BUNDLE_IDENTIFIER = "m0resleepstudios.ECommerce-SOLID-Principles-Example";
				PRODUCT_NAME = "$(TARGET_NAME)";
				SWIFT_EMIT_LOC_STRINGS = YES;
				SWIFT_VERSION = 5.0;
				TARGETED_DEVICE_FAMILY = "1,2";
			};
			name = Release;
		};
		7E1110A12A0E8E91005E7DA4 /* Debug */ = {
			isa = XCBuildConfiguration;
			buildSettings = {
				ALWAYS_EMBED_SWIFT_STANDARD_LIBRARIES = YES;
				BUNDLE_LOADER = "$(TEST_HOST)";
				CODE_SIGN_STYLE = Automatic;
				CURRENT_PROJECT_VERSION = 1;
				DEVELOPMENT_TEAM = P37BL29UZP;
				GENERATE_INFOPLIST_FILE = YES;
				IPHONEOS_DEPLOYMENT_TARGET = 16.4;
				MARKETING_VERSION = 1.0;
				PRODUCT_BUNDLE_IDENTIFIER = "m0resleepstudios.ECommerce-SOLID-Principles-ExampleTests";
				PRODUCT_NAME = "$(TARGET_NAME)";
				SWIFT_EMIT_LOC_STRINGS = NO;
				SWIFT_VERSION = 5.0;
				TARGETED_DEVICE_FAMILY = "1,2";
				TEST_HOST = "$(BUILT_PRODUCTS_DIR)/ECommerce SOLID Principles Example.app/$(BUNDLE_EXECUTABLE_FOLDER_PATH)/ECommerce SOLID Principles Example";
			};
			name = Debug;
		};
		7E1110A22A0E8E91005E7DA4 /* Release */ = {
			isa = XCBuildConfiguration;
			buildSettings = {
				ALWAYS_EMBED_SWIFT_STANDARD_LIBRARIES = YES;
				BUNDLE_LOADER = "$(TEST_HOST)";
				CODE_SIGN_STYLE = Automatic;
				CURRENT_PROJECT_VERSION = 1;
				DEVELOPMENT_TEAM = P37BL29UZP;
				GENERATE_INFOPLIST_FILE = YES;
				IPHONEOS_DEPLOYMENT_TARGET = 16.4;
				MARKETING_VERSION = 1.0;
				PRODUCT_BUNDLE_IDENTIFIER = "m0resleepstudios.ECommerce-SOLID-Principles-ExampleTests";
				PRODUCT_NAME = "$(TARGET_NAME)";
				SWIFT_EMIT_LOC_STRINGS = NO;
				SWIFT_VERSION = 5.0;
				TARGETED_DEVICE_FAMILY = "1,2";
				TEST_HOST = "$(BUILT_PRODUCTS_DIR)/ECommerce SOLID Principles Example.app/$(BUNDLE_EXECUTABLE_FOLDER_PATH)/ECommerce SOLID Principles Example";
			};
			name = Release;
		};
		7E1110A42A0E8E91005E7DA4 /* Debug */ = {
			isa = XCBuildConfiguration;
			buildSettings = {
				ALWAYS_EMBED_SWIFT_STANDARD_LIBRARIES = YES;
				CODE_SIGN_STYLE = Automatic;
				CURRENT_PROJECT_VERSION = 1;
				DEVELOPMENT_TEAM = P37BL29UZP;
				GENERATE_INFOPLIST_FILE = YES;
				MARKETING_VERSION = 1.0;
				PRODUCT_BUNDLE_IDENTIFIER = "m0resleepstudios.ECommerce-SOLID-Principles-ExampleUITests";
				PRODUCT_NAME = "$(TARGET_NAME)";
				SWIFT_EMIT_LOC_STRINGS = NO;
				SWIFT_VERSION = 5.0;
				TARGETED_DEVICE_FAMILY = "1,2";
				TEST_TARGET_NAME = "ECommerce SOLID Principles Example";
			};
			name = Debug;
		};
		7E1110A52A0E8E91005E7DA4 /* Release */ = {
			isa = XCBuildConfiguration;
			buildSettings = {
				ALWAYS_EMBED_SWIFT_STANDARD_LIBRARIES = YES;
				CODE_SIGN_STYLE = Automatic;
				CURRENT_PROJECT_VERSION = 1;
				DEVELOPMENT_TEAM = P37BL29UZP;
				GENERATE_INFOPLIST_FILE = YES;
				MARKETING_VERSION = 1.0;
				PRODUCT_BUNDLE_IDENTIFIER = "m0resleepstudios.ECommerce-SOLID-Principles-ExampleUITests";
				PRODUCT_NAME = "$(TARGET_NAME)";
				SWIFT_EMIT_LOC_STRINGS = NO;
				SWIFT_VERSION = 5.0;
				TARGETED_DEVICE_FAMILY = "1,2";
				TEST_TARGET_NAME = "ECommerce SOLID Principles Example";
			};
			name = Release;
		};
/* End XCBuildConfiguration section */

/* Begin XCConfigurationList section */
		7E11106B2A0E8E8F005E7DA4 /* Build configuration list for PBXProject "ECommerce SOLID Principles Example" */ = {
			isa = XCConfigurationList;
			buildConfigurations = (
				7E11109B2A0E8E91005E7DA4 /* Debug */,
				7E11109C2A0E8E91005E7DA4 /* Release */,
			);
			defaultConfigurationIsVisible = 0;
			defaultConfigurationName = Release;
		};
		7E11109D2A0E8E91005E7DA4 /* Build configuration list for PBXNativeTarget "ECommerce SOLID Principles Example" */ = {
			isa = XCConfigurationList;
			buildConfigurations = (
				7E11109E2A0E8E91005E7DA4 /* Debug */,
				7E11109F2A0E8E91005E7DA4 /* Release */,
			);
			defaultConfigurationIsVisible = 0;
			defaultConfigurationName = Release;
		};
		7E1110A02A0E8E91005E7DA4 /* Build configuration list for PBXNativeTarget "ECommerce SOLID Principles ExampleTests" */ = {
			isa = XCConfigurationList;
			buildConfigurations = (
				7E1110A12A0E8E91005E7DA4 /* Debug */,
				7E1110A22A0E8E91005E7DA4 /* Release */,
			);
			defaultConfigurationIsVisible = 0;
			defaultConfigurationName = Release;
		};
		7E1110A32A0E8E91005E7DA4 /* Build configuration list for PBXNativeTarget "ECommerce SOLID Principles ExampleUITests" */ = {
			isa = XCConfigurationList;
			buildConfigurations = (
				7E1110A42A0E8E91005E7DA4 /* Debug */,
				7E1110A52A0E8E91005E7DA4 /* Release */,
			);
			defaultConfigurationIsVisible = 0;
			defaultConfigurationName = Release;
		};
/* End XCConfigurationList section */

/* Begin XCVersionGroup section */
		7E11107C2A0E8E90005E7DA4 /* ECommerce_SOLID_Principles_Example.xcdatamodeld */ = {
			isa = XCVersionGroup;
			children = (
				7E11107D2A0E8E90005E7DA4 /* ECommerce_SOLID_Principles_Example.xcdatamodel */,
			);
			currentVersion = 7E11107D2A0E8E90005E7DA4 /* ECommerce_SOLID_Principles_Example.xcdatamodel */;
			path = ECommerce_SOLID_Principles_Example.xcdatamodeld;
			sourceTree = "<group>";
			versionGroupType = wrapper.xcdatamodel;
		};
/* End XCVersionGroup section */
	};
	rootObject = 7E1110682A0E8E8F005E7DA4 /* Project object */;
}
